
Microsoft Visual Studio Solution File, Format Version 12.00
# Visual Studio 15
VisualStudioVersion = 15.0.27130.2036
MinimumVisualStudioVersion = 10.0.40219.1
Project("{FAE04EC0-301F-11D3-BF4B-00C04F79EFBC}") = "c-final-capstone-v2", "c-final-capstone-v2\c-final-capstone-v2.csproj", "{EDAE738D-156D-402E-AABB-CC4AB2CB8ECB}"
EndProject
Project("{FAE04EC0-301F-11D3-BF4B-00C04F79EFBC}") = "c-final-capstone-v2.Tests", "c-final-capstone-v2.Tests\c-final-capstone-v2.Tests.csproj", "{65C93B31-81F5-4B37-AB4E-89A1E02D5877}"
EndProject
Global
	GlobalSection(SolutionConfigurationPlatforms) = preSolution
		Debug|Any CPU = Debug|Any CPU
		Release|Any CPU = Release|Any CPU
	EndGlobalSection
	GlobalSection(ProjectConfigurationPlatforms) = postSolution
		{EDAE738D-156D-402E-AABB-CC4AB2CB8ECB}.Debug|Any CPU.ActiveCfg = Debug|Any CPU
		{EDAE738D-156D-402E-AABB-CC4AB2CB8ECB}.Debug|Any CPU.Build.0 = Debug|Any CPU
		{EDAE738D-156D-402E-AABB-CC4AB2CB8ECB}.Release|Any CPU.ActiveCfg = Release|Any CPU
		{EDAE738D-156D-402E-AABB-CC4AB2CB8ECB}.Release|Any CPU.Build.0 = Release|Any CPU
		{65C93B31-81F5-4B37-AB4E-89A1E02D5877}.Debug|Any CPU.ActiveCfg = Debug|Any CPU
		{65C93B31-81F5-4B37-AB4E-89A1E02D5877}.Debug|Any CPU.Build.0 = Debug|Any CPU
		{65C93B31-81F5-4B37-AB4E-89A1E02D5877}.Release|Any CPU.ActiveCfg = Release|Any CPU
		{65C93B31-81F5-4B37-AB4E-89A1E02D5877}.Release|Any CPU.Build.0 = Release|Any CPU
	EndGlobalSection
	GlobalSection(SolutionProperties) = preSolution
		HideSolutionNode = FALSE
	EndGlobalSection
	GlobalSection(ExtensibilityGlobals) = postSolution
		SolutionGuid = {1624B57B-3B68-47E2-A16F-15E29D365AE1}
	EndGlobalSection
EndGlobal
